# This file is automatically @generated by Cargo.
# It is not intended for manual editing.
version = 4

[[package]]
name = "falkor_aeneas_pilot"
version = "0.1.0"
dependencies = [
 "thin-vec",
]

[[package]]
name = "thin-vec"
version = "0.2.20"
source = "registry+https://github.com/rust-lang/crates.io-index"
checksum = "4568d7e143ec86d2021c338bae2afa88699e84b8e0af523626654fe6f03a1748"
